<?xml version="1.0" encoding="utf-8"?>
<Project ToolsVersion="4.0" xmlns="http://schemas.microsoft.com/developer/msbuild/2003">
  <ItemGroup>
    <ClCompile Include="Card.cpp">
      <Filter>Source</Filter>
    </ClCompile>
    <ClCompile Include="Backbuffer.cpp">
      <Filter>Source</Filter>
    </ClCompile>
    <ClCompile Include="Clock.cpp">
      <Filter>Source</Filter>
    </ClCompile>
    <ClCompile Include="Deck.cpp">
      <Filter>Source</Filter>
    </ClCompile>
    <ClCompile Include="Entity.cpp">
      <Filter>Source</Filter>
    </ClCompile>
    <ClCompile Include="Game.cpp">
      <Filter>Source</Filter>
    </ClCompile>
    <ClCompile Include="main.cpp">
      <Filter>Source</Filter>
    </ClCompile>
    <ClCompile Include="PlayStack.cpp">
      <Filter>Source</Filter>
    </ClCompile>
    <ClCompile Include="Sprite.cpp">
      <Filter>Source</Filter>
    </ClCompile>
    <ClCompile Include="WinStack.cpp">
      <Filter>Source</Filter>
    </ClCompile>
  </ItemGroup>
  <ItemGroup>
    <ClInclude Include="Backbuffer.h">
      <Filter>Header</Filter>
    </ClInclude>
    <ClInclude Include="Clock.h">
      <Filter>Header</Filter>
    </ClInclude>
    <ClInclude Include="Game.h">
      <Filter>Header</Filter>
    </ClInclude>
    <ClInclude Include="Sprite.h">
      <Filter>Header</Filter>
    </ClInclude>
    <ClInclude Include="Utilities.h">
      <Filter>Header</Filter>
    </ClInclude>
    <ClInclude Include="WinStack.h">
      <Filter>Header</Filter>
    </ClInclude>
    <ClInclude Include="PlayStack.h">
      <Filter>Header</Filter>
    </ClInclude>
    <ClInclude Include="resource.h">
      <Filter>Header</Filter>
    </ClInclude>
    <ClInclude Include="Card.h">
      <Filter>Header</Filter>
    </ClInclude>
    <ClInclude Include="Deck.h">
      <Filter>Header</Filter>
    </ClInclude>
    <ClInclude Include="Entity.h">
      <Filter>Header</Filter>
    </ClInclude>
  </ItemGroup>
  <ItemGroup>
    <Image Include="Assets\Card_Mask.bmp">
      <Filter>Resources</Filter>
    </Image>
    <Image Include="Assets\Card_Sprite_Sheet.bmp">
      <Filter>Resources</Filter>
    </Image>
  </ItemGroup>
  <ItemGroup>
    <Filter Include="Header">
      <UniqueIdentifier>{0739dd3b-2dca-46c1-9a80-a0575bfb69b0}</UniqueIdentifier>
    </Filter>
    <Filter Include="Source">
      <UniqueIdentifier>{b8a66d17-0d84-45ef-9768-060a6429a666}</UniqueIdentifier>
    </Filter>
    <Filter Include="Resources">
      <UniqueIdentifier>{6fdf5aea-2f5a-48a8-8745-f6ade2bb9aff}</UniqueIdentifier>
    </Filter>
  </ItemGroup>
  <ItemGroup>
    <ResourceCompile Include="Solitaire.rc">
      <Filter>Resources</Filter>
    </ResourceCompile>
  </ItemGroup>
</Project>